// !$*UTF8*$!
{
	archiveVersion = 1;
	classes = {
	};
	objectVersion = 55;
	objects = {

/* Begin PBXBuildFile section */
		B6937FDD2844ADC70072FA17 /* AppDelegate.swift in Sources */ = {isa = PBXBuildFile; fileRef = B6937FDC2844ADC70072FA17 /* AppDelegate.swift */; };
		B6937FDF2844ADC70072FA17 /* SceneDelegate.swift in Sources */ = {isa = PBXBuildFile; fileRef = B6937FDE2844ADC70072FA17 /* SceneDelegate.swift */; };
		B6937FE12844ADC70072FA17 /* ViewController.swift in Sources */ = {isa = PBXBuildFile; fileRef = B6937FE02844ADC70072FA17 /* ViewController.swift */; };
		B6937FE42844ADC70072FA17 /* Main.storyboard in Resources */ = {isa = PBXBuildFile; fileRef = B6937FE22844ADC70072FA17 /* Main.storyboard */; };
		B6937FE72844ADC70072FA17 /* AppLearn.xcdatamodeld in Sources */ = {isa = PBXBuildFile; fileRef = B6937FE52844ADC70072FA17 /* AppLearn.xcdatamodeld */; };
		B6937FE92844ADC80072FA17 /* Assets.xcassets in Resources */ = {isa = PBXBuildFile; fileRef = B6937FE82844ADC80072FA17 /* Assets.xcassets */; };
		B6937FEC2844ADC80072FA17 /* LaunchScreen.storyboard in Resources */ = {isa = PBXBuildFile; fileRef = B6937FEA2844ADC80072FA17 /* LaunchScreen.storyboard */; };
		B6937FF72844ADC90072FA17 /* AppLearnTests.swift in Sources */ = {isa = PBXBuildFile; fileRef = B6937FF62844ADC90072FA17 /* AppLearnTests.swift */; };
		B69380012844ADC90072FA17 /* AppLearnUITests.swift in Sources */ = {isa = PBXBuildFile; fileRef = B69380002844ADC90072FA17 /* AppLearnUITests.swift */; };
		B69380032844ADC90072FA17 /* AppLearnUITestsLaunchTests.swift in Sources */ = {isa = PBXBuildFile; fileRef = B69380022844ADC90072FA17 /* AppLearnUITestsLaunchTests.swift */; };
/* End PBXBuildFile section */

/* Begin PBXContainerItemProxy section */
		B6937FF32844ADC90072FA17 /* PBXContainerItemProxy */ = {
			isa = PBXContainerItemProxy;
			containerPortal = B6937FD12844ADC70072FA17 /* Project object */;
			proxyType = 1;
			remoteGlobalIDString = B6937FD82844ADC70072FA17;
			remoteInfo = AppLearn;
		};
		B6937FFD2844ADC90072FA17 /* PBXContainerItemProxy */ = {
			isa = PBXContainerItemProxy;
			containerPortal = B6937FD12844ADC70072FA17 /* Project object */;
			proxyType = 1;
			remoteGlobalIDString = B6937FD82844ADC70072FA17;
			remoteInfo = AppLearn;
		};
/* End PBXContainerItemProxy section */

/* Begin PBXFileReference section */
		B6937FD92844ADC70072FA17 /* AppLearn.app */ = {isa = PBXFileReference; explicitFileType = wrapper.application; includeInIndex = 0; path = AppLearn.app; sourceTree = BUILT_PRODUCTS_DIR; };
		B6937FDC2844ADC70072FA17 /* AppDelegate.swift */ = {isa = PBXFileReference; lastKnownFileType = sourcecode.swift; path = AppDelegate.swift; sourceTree = "<group>"; };
		B6937FDE2844ADC70072FA17 /* SceneDelegate.swift */ = {isa = PBXFileReference; lastKnownFileType = sourcecode.swift; path = SceneDelegate.swift; sourceTree = "<group>"; };
		B6937FE02844ADC70072FA17 /* ViewController.swift */ = {isa = PBXFileReference; lastKnownFileType = sourcecode.swift; path = ViewController.swift; sourceTree = "<group>"; };
		B6937FE32844ADC70072FA17 /* Base */ = {isa = PBXFileReference; lastKnownFileType = file.storyboard; name = Base; path = Base.lproj/Main.storyboard; sourceTree = "<group>"; };
		B6937FE62844ADC70072FA17 /* AppLearn.xcdatamodel */ = {isa = PBXFileReference; lastKnownFileType = wrapper.xcdatamodel; path = AppLearn.xcdatamodel; sourceTree = "<group>"; };
		B6937FE82844ADC80072FA17 /* Assets.xcassets */ = {isa = PBXFileReference; lastKnownFileType = folder.assetcatalog; path = Assets.xcassets; sourceTree = "<group>"; };
		B6937FEB2844ADC80072FA17 /* Base */ = {isa = PBXFileReference; lastKnownFileType = file.storyboard; name = Base; path = Base.lproj/LaunchScreen.storyboard; sourceTree = "<group>"; };
		B6937FED2844ADC80072FA17 /* Info.plist */ = {isa = PBXFileReference; lastKnownFileType = text.plist.xml; path = Info.plist; sourceTree = "<group>"; };
		B6937FF22844ADC90072FA17 /* AppLearnTests.xctest */ = {isa = PBXFileReference; explicitFileType = wrapper.cfbundle; includeInIndex = 0; path = AppLearnTests.xctest; sourceTree = BUILT_PRODUCTS_DIR; };
		B6937FF62844ADC90072FA17 /* AppLearnTests.swift */ = {isa = PBXFileReference; lastKnownFileType = sourcecode.swift; path = AppLearnTests.swift; sourceTree = "<group>"; };
		B6937FFC2844ADC90072FA17 /* AppLearnUITests.xctest */ = {isa = PBXFileReference; explicitFileType = wrapper.cfbundle; includeInIndex = 0; path = AppLearnUITests.xctest; sourceTree = BUILT_PRODUCTS_DIR; };
		B69380002844ADC90072FA17 /* AppLearnUITests.swift */ = {isa = PBXFileReference; lastKnownFileType = sourcecode.swift; path = AppLearnUITests.swift; sourceTree = "<group>"; };
		B69380022844ADC90072FA17 /* AppLearnUITestsLaunchTests.swift */ = {isa = PBXFileReference; lastKnownFileType = sourcecode.swift; path = AppLearnUITestsLaunchTests.swift; sourceTree = "<group>"; };
/* End PBXFileReference section */

/* Begin PBXFrameworksBuildPhase section */
		B6937FD62844ADC70072FA17 /* Frameworks */ = {
			isa = PBXFrameworksBuildPhase;
			buildActionMask = 2147483647;
			files = (
			);
			runOnlyForDeploymentPostprocessing = 0;
		};
		B6937FEF2844ADC90072FA17 /* Frameworks */ = {
			isa = PBXFrameworksBuildPhase;
			buildActionMask = 2147483647;
			files = (
			);
			runOnlyForDeploymentPostprocessing = 0;
		};
		B6937FF92844ADC90072FA17 /* Frameworks */ = {
			isa = PBXFrameworksBuildPhase;
			buildActionMask = 2147483647;
			files = (
			);
			runOnlyForDeploymentPostprocessing = 0;
		};
/* End PBXFrameworksBuildPhase section */

/* Begin PBXGroup section */
		B6937FD02844ADC70072FA17 = {
			isa = PBXGroup;
			children = (
				B6937FDB2844ADC70072FA17 /* AppLearn */,
				B6937FF52844ADC90072FA17 /* AppLearnTests */,
				B6937FFF2844ADC90072FA17 /* AppLearnUITests */,
				B6937FDA2844ADC70072FA17 /* Products */,
			);
			sourceTree = "<group>";
		};
		B6937FDA2844ADC70072FA17 /* Products */ = {
			isa = PBXGroup;
			children = (
				B6937FD92844ADC70072FA17 /* AppLearn.app */,
				B6937FF22844ADC90072FA17 /* AppLearnTests.xctest */,
				B6937FFC2844ADC90072FA17 /* AppLearnUITests.xctest */,
			);
			name = Products;
			sourceTree = "<group>";
		};
		B6937FDB2844ADC70072FA17 /* AppLearn */ = {
			isa = PBXGroup;
			children = (
				B6937FDC2844ADC70072FA17 /* AppDelegate.swift */,
				B6937FDE2844ADC70072FA17 /* SceneDelegate.swift */,
				B6937FE02844ADC70072FA17 /* ViewController.swift */,
				B6937FE22844ADC70072FA17 /* Main.storyboard */,
				B6937FE82844ADC80072FA17 /* Assets.xcassets */,
				B6937FEA2844ADC80072FA17 /* LaunchScreen.storyboard */,
				B6937FED2844ADC80072FA17 /* Info.plist */,
				B6937FE52844ADC70072FA17 /* AppLearn.xcdatamodeld */,
			);
			path = AppLearn;
			sourceTree = "<group>";
		};
		B6937FF52844ADC90072FA17 /* AppLearnTests */ = {
			isa = PBXGroup;
			children = (
				B6937FF62844ADC90072FA17 /* AppLearnTests.swift */,
			);
			path = AppLearnTests;
			sourceTree = "<group>";
		};
		B6937FFF2844ADC90072FA17 /* AppLearnUITests */ = {
			isa = PBXGroup;
			children = (
				B69380002844ADC90072FA17 /* AppLearnUITests.swift */,
				B69380022844ADC90072FA17 /* AppLearnUITestsLaunchTests.swift */,
			);
			path = AppLearnUITests;
			sourceTree = "<group>";
		};
/* End PBXGroup section */

/* Begin PBXNativeTarget section */
		B6937FD82844ADC70072FA17 /* AppLearn */ = {
			isa = PBXNativeTarget;
			buildConfigurationList = B69380062844ADC90072FA17 /* Build configuration list for PBXNativeTarget "AppLearn" */;
			buildPhases = (
				B6937FD52844ADC70072FA17 /* Sources */,
				B6937FD62844ADC70072FA17 /* Frameworks */,
				B6937FD72844ADC70072FA17 /* Resources */,
			);
			buildRules = (
			);
			dependencies = (
			);
			name = AppLearn;
			productName = AppLearn;
			productReference = B6937FD92844ADC70072FA17 /* AppLearn.app */;
			productType = "com.apple.product-type.application";
		};
		B6937FF12844ADC90072FA17 /* AppLearnTests */ = {
			isa = PBXNativeTarget;
			buildConfigurationList = B69380092844ADC90072FA17 /* Build configuration list for PBXNativeTarget "AppLearnTests" */;
			buildPhases = (
				B6937FEE2844ADC90072FA17 /* Sources */,
				B6937FEF2844ADC90072FA17 /* Frameworks */,
				B6937FF02844ADC90072FA17 /* Resources */,
			);
			buildRules = (
			);
			dependencies = (
				B6937FF42844ADC90072FA17 /* PBXTargetDependency */,
			);
			name = AppLearnTests;
			productName = AppLearnTests;
			productReference = B6937FF22844ADC90072FA17 /* AppLearnTests.xctest */;
			productType = "com.apple.product-type.bundle.unit-test";
		};
		B6937FFB2844ADC90072FA17 /* AppLearnUITests */ = {
			isa = PBXNativeTarget;
			buildConfigurationList = B693800C2844ADC90072FA17 /* Build configuration list for PBXNativeTarget "AppLearnUITests" */;
			buildPhases = (
				B6937FF82844ADC90072FA17 /* Sources */,
				B6937FF92844ADC90072FA17 /* Frameworks */,
				B6937FFA2844ADC90072FA17 /* Resources */,
			);
			buildRules = (
			);
			dependencies = (
				B6937FFE2844ADC90072FA17 /* PBXTargetDependency */,
			);
			name = AppLearnUITests;
			productName = AppLearnUITests;
			productReference = B6937FFC2844ADC90072FA17 /* AppLearnUITests.xctest */;
			productType = "com.apple.product-type.bundle.ui-testing";
		};
/* End PBXNativeTarget section */

/* Begin PBXProject section */
		B6937FD12844ADC70072FA17 /* Project object */ = {
			isa = PBXProject;
			attributes = {
				BuildIndependentTargetsInParallel = 1;
				LastSwiftUpdateCheck = 1330;
				LastUpgradeCheck = 1330;
				TargetAttributes = {
					B6937FD82844ADC70072FA17 = {
						CreatedOnToolsVersion = 13.3;
					};
					B6937FF12844ADC90072FA17 = {
						CreatedOnToolsVersion = 13.3;
						TestTargetID = B6937FD82844ADC70072FA17;
					};
					B6937FFB2844ADC90072FA17 = {
						CreatedOnToolsVersion = 13.3;
						TestTargetID = B6937FD82844ADC70072FA17;
					};
				};
			};
			buildConfigurationList = B6937FD42844ADC70072FA17 /* Build configuration list for PBXProject "AppLearn" */;
			compatibilityVersion = "Xcode 13.0";
			developmentRegion = en;
			hasScannedForEncodings = 0;
			knownRegions = (
				en,
				Base,
			);
			mainGroup = B6937FD02844ADC70072FA17;
			productRefGroup = B6937FDA2844ADC70072FA17 /* Products */;
			projectDirPath = "";
			projectRoot = "";
			targets = (
				B6937FD82844ADC70072FA17 /* AppLearn */,
				B6937FF12844ADC90072FA17 /* AppLearnTests */,
				B6937FFB2844ADC90072FA17 /* AppLearnUITests */,
			);
		};
/* End PBXProject section */

/* Begin PBXResourcesBuildPhase section */
		B6937FD72844ADC70072FA17 /* Resources */ = {
			isa = PBXResourcesBuildPhase;
			buildActionMask = 2147483647;
			files = (
				B6937FEC2844ADC80072FA17 /* LaunchScreen.storyboard in Resources */,
				B6937FE92844ADC80072FA17 /* Assets.xcassets in Resources */,
				B6937FE42844ADC70072FA17 /* Main.storyboard in Resources */,
			);
			runOnlyForDeploymentPostprocessing = 0;
		};
		B6937FF02844ADC90072FA17 /* Resources */ = {
			isa = PBXResourcesBuildPhase;
			buildActionMask = 2147483647;
			files = (
			);
			runOnlyForDeploymentPostprocessing = 0;
		};
		B6937FFA2844ADC90072FA17 /* Resources */ = {
			isa = PBXResourcesBuildPhase;
			buildActionMask = 2147483647;
			files = (
			);
			runOnlyForDeploymentPostprocessing = 0;
		};
/* End PBXResourcesBuildPhase section */

/* Begin PBXSourcesBuildPhase section */
		B6937FD52844ADC70072FA17 /* Sources */ = {
			isa = PBXSourcesBuildPhase;
			buildActionMask = 2147483647;
			files = (
				B6937FE72844ADC70072FA17 /* AppLearn.xcdatamodeld in Sources */,
				B6937FE12844ADC70072FA17 /* ViewController.swift in Sources */,
				B6937FDD2844ADC70072FA17 /* AppDelegate.swift in Sources */,
				B6937FDF2844ADC70072FA17 /* SceneDelegate.swift in Sources */,
			);
			runOnlyForDeploymentPostprocessing = 0;
		};
		B6937FEE2844ADC90072FA17 /* Sources */ = {
			isa = PBXSourcesBuildPhase;
			buildActionMask = 2147483647;
			files = (
				B6937FF72844ADC90072FA17 /* AppLearnTests.swift in Sources */,
			);
			runOnlyForDeploymentPostprocessing = 0;
		};
		B6937FF82844ADC90072FA17 /* Sources */ = {
			isa = PBXSourcesBuildPhase;
			buildActionMask = 2147483647;
			files = (
				B69380032844ADC90072FA17 /* AppLearnUITestsLaunchTests.swift in Sources */,
				B69380012844ADC90072FA17 /* AppLearnUITests.swift in Sources */,
			);
			runOnlyForDeploymentPostprocessing = 0;
		};
/* End PBXSourcesBuildPhase section */

/* Begin PBXTargetDependency section */
		B6937FF42844ADC90072FA17 /* PBXTargetDependency */ = {
			isa = PBXTargetDependency;
			target = B6937FD82844ADC70072FA17 /* AppLearn */;
			targetProxy = B6937FF32844ADC90072FA17 /* PBXContainerItemProxy */;
		};
		B6937FFE2844ADC90072FA17 /* PBXTargetDependency */ = {
			isa = PBXTargetDependency;
			target = B6937FD82844ADC70072FA17 /* AppLearn */;
			targetProxy = B6937FFD2844ADC90072FA17 /* PBXContainerItemProxy */;
		};
/* End PBXTargetDependency section */

/* Begin PBXVariantGroup section */
		B6937FE22844ADC70072FA17 /* Main.storyboard */ = {
			isa = PBXVariantGroup;
			children = (
				B6937FE32844ADC70072FA17 /* Base */,
			);
			name = Main.storyboard;
			sourceTree = "<group>";
		};
		B6937FEA2844ADC80072FA17 /* LaunchScreen.storyboard */ = {
			isa = PBXVariantGroup;
			children = (
				B6937FEB2844ADC80072FA17 /* Base */,
			);
			name = LaunchScreen.storyboard;
			sourceTree = "<group>";
		};
/* End PBXVariantGroup section */

/* Begin XCBuildConfiguration section */
		B69380042844ADC90072FA17 /* Debug */ = {
			isa = XCBuildConfiguration;
			buildSettings = {
				ALWAYS_SEARCH_USER_PATHS = NO;
				CLANG_ANALYZER_NONNULL = YES;
				CLANG_ANALYZER_NUMBER_OBJECT_CONVERSION = YES_AGGRESSIVE;
				CLANG_CXX_LANGUAGE_STANDARD = "gnu++17";
				CLANG_ENABLE_MODULES = YES;
				CLANG_ENABLE_OBJC_ARC = YES;
				CLANG_ENABLE_OBJC_WEAK = YES;
				CLANG_WARN_BLOCK_CAPTURE_AUTORELEASING = YES;
				CLANG_WARN_BOOL_CONVERSION = YES;
				CLANG_WARN_COMMA = YES;
				CLANG_WARN_CONSTANT_CONVERSION = YES;
				CLANG_WARN_DEPRECATED_OBJC_IMPLEMENTATIONS = YES;
				CLANG_WARN_DIRECT_OBJC_ISA_USAGE = YES_ERROR;
				CLANG_WARN_DOCUMENTATION_COMMENTS = YES;
				CLANG_WARN_EMPTY_BODY = YES;
				CLANG_WARN_ENUM_CONVERSION = YES;
				CLANG_WARN_INFINITE_RECURSION = YES;
				CLANG_WARN_INT_CONVERSION = YES;
				CLANG_WARN_NON_LITERAL_NULL_CONVERSION = YES;
				CLANG_WARN_OBJC_IMPLICIT_RETAIN_SELF = YES;
				CLANG_WARN_OBJC_LITERAL_CONVERSION = YES;
				CLANG_WARN_OBJC_ROOT_CLASS = YES_ERROR;
				CLANG_WARN_QUOTED_INCLUDE_IN_FRAMEWORK_HEADER = YES;
				CLANG_WARN_RANGE_LOOP_ANALYSIS = YES;
				CLANG_WARN_STRICT_PROTOTYPES = YES;
				CLANG_WARN_SUSPICIOUS_MOVE = YES;
				CLANG_WARN_UNGUARDED_AVAILABILITY = YES_AGGRESSIVE;
				CLANG_WARN_UNREACHABLE_CODE = YES;
				CLANG_WARN__DUPLICATE_METHOD_MATCH = YES;
				COPY_PHASE_STRIP = NO;
				DEBUG_INFORMATION_FORMAT = dwarf;
				ENABLE_STRICT_OBJC_MSGSEND = YES;
				ENABLE_TESTABILITY = YES;
				GCC_C_LANGUAGE_STANDARD = gnu11;
				GCC_DYNAMIC_NO_PIC = NO;
				GCC_NO_COMMON_BLOCKS = YES;
				GCC_OPTIMIZATION_LEVEL = 0;
				GCC_PREPROCESSOR_DEFINITIONS = (
					"DEBUG=1",
					"$(inherited)",
				);
				GCC_WARN_64_TO_32_BIT_CONVERSION = YES;
				GCC_WARN_ABOUT_RETURN_TYPE = YES_ERROR;
				GCC_WARN_UNDECLARED_SELECTOR = YES;
				GCC_WARN_UNINITIALIZED_AUTOS = YES_AGGRESSIVE;
				GCC_WARN_UNUSED_FUNCTION = YES;
				GCC_WARN_UNUSED_VARIABLE = YES;
				IPHONEOS_DEPLOYMENT_TARGET = 15.4;
				MTL_ENABLE_DEBUG_INFO = INCLUDE_SOURCE;
				MTL_FAST_MATH = YES;
				ONLY_ACTIVE_ARCH = YES;
				SDKROOT = iphoneos;
				SWIFT_ACTIVE_COMPILATION_CONDITIONS = DEBUG;
				SWIFT_OPTIMIZATION_LEVEL = "-Onone";
			};
			name = Debug;
		};
		B69380052844ADC90072FA17 /* Release */ = {
			isa = XCBuildConfiguration;
			buildSettings = {
				ALWAYS_SEARCH_USER_PATHS = NO;
				CLANG_ANALYZER_NONNULL = YES;
				CLANG_ANALYZER_NUMBER_OBJECT_CONVERSION = YES_AGGRESSIVE;
				CLANG_CXX_LANGUAGE_STANDARD = "gnu++17";
				CLANG_ENABLE_MODULES = YES;
				CLANG_ENABLE_OBJC_ARC = YES;
				CLANG_ENABLE_OBJC_WEAK = YES;
				CLANG_WARN_BLOCK_CAPTURE_AUTORELEASING = YES;
				CLANG_WARN_BOOL_CONVERSION = YES;
				CLANG_WARN_COMMA = YES;
				CLANG_WARN_CONSTANT_CONVERSION = YES;
				CLANG_WARN_DEPRECATED_OBJC_IMPLEMENTATIONS = YES;
				CLANG_WARN_DIRECT_OBJC_ISA_USAGE = YES_ERROR;
				CLANG_WARN_DOCUMENTATION_COMMENTS = YES;
				CLANG_WARN_EMPTY_BODY = YES;
				CLANG_WARN_ENUM_CONVERSION = YES;
				CLANG_WARN_INFINITE_RECURSION = YES;
				CLANG_WARN_INT_CONVERSION = YES;
				CLANG_WARN_NON_LITERAL_NULL_CONVERSION = YES;
				CLANG_WARN_OBJC_IMPLICIT_RETAIN_SELF = YES;
				CLANG_WARN_OBJC_LITERAL_CONVERSION = YES;
				CLANG_WARN_OBJC_ROOT_CLASS = YES_ERROR;
				CLANG_WARN_QUOTED_INCLUDE_IN_FRAMEWORK_HEADER = YES;
				CLANG_WARN_RANGE_LOOP_ANALYSIS = YES;
				CLANG_WARN_STRICT_PROTOTYPES = YES;
				CLANG_WARN_SUSPICIOUS_MOVE = YES;
				CLANG_WARN_UNGUARDED_AVAILABILITY = YES_AGGRESSIVE;
				CLANG_WARN_UNREACHABLE_CODE = YES;
				CLANG_WARN__DUPLICATE_METHOD_MATCH = YES;
				COPY_PHASE_STRIP = NO;
				DEBUG_INFORMATION_FORMAT = "dwarf-with-dsym";
				ENABLE_NS_ASSERTIONS = NO;
				ENABLE_STRICT_OBJC_MSGSEND = YES;
				GCC_C_LANGUAGE_STANDARD = gnu11;
				GCC_NO_COMMON_BLOCKS = YES;
				GCC_WARN_64_TO_32_BIT_CONVERSION = YES;
				GCC_WARN_ABOUT_RETURN_TYPE = YES_ERROR;
				GCC_WARN_UNDECLARED_SELECTOR = YES;
				GCC_WARN_UNINITIALIZED_AUTOS = YES_AGGRESSIVE;
				GCC_WARN_UNUSED_FUNCTION = YES;
				GCC_WARN_UNUSED_VARIABLE = YES;
				IPHONEOS_DEPLOYMENT_TARGET = 15.4;
				MTL_ENABLE_DEBUG_INFO = NO;
				MTL_FAST_MATH = YES;
				SDKROOT = iphoneos;
				SWIFT_COMPILATION_MODE = wholemodule;
				SWIFT_OPTIMIZATION_LEVEL = "-O";
				VALIDATE_PRODUCT = YES;
			};
			name = Release;
		};
		B69380072844ADC90072FA17 /* Debug */ = {
			isa = XCBuildConfiguration;
			buildSettings = {
				ASSETCATALOG_COMPILER_APPICON_NAME = AppIcon;
				ASSETCATALOG_COMPILER_GLOBAL_ACCENT_COLOR_NAME = AccentColor;
				CODE_SIGN_STYLE = Automatic;
				CURRENT_PROJECT_VERSION = 1;
				GENERATE_INFOPLIST_FILE = YES;
				INFOPLIST_FILE = AppLearn/Info.plist;
				INFOPLIST_KEY_UIApplicationSupportsIndirectInputEvents = YES;
				INFOPLIST_KEY_UILaunchStoryboardName = LaunchScreen;
				INFOPLIST_KEY_UIMainStoryboardFile = Main;
				INFOPLIST_KEY_UISupportedInterfaceOrientations_iPad = "UIInterfaceOrientationPortrait UIInterfaceOrientationPortraitUpsideDown UIInterfaceOrientationLandscapeLeft UIInterfaceOrientationLandscapeRight";
				INFOPLIST_KEY_UISupportedInterfaceOrientations_iPhone = "UIInterfaceOrientationPortrait UIInterfaceOrientationLandscapeLeft UIInterfaceOrientationLandscapeRight";
				LD_RUNPATH_SEARCH_PATHS = (
					"$(inherited)",
					"@executable_path/Frameworks",
				);
				MARKETING_VERSION = 1.0;
				PRODUCT_BUNDLE_IDENTIFIER = abc.AppLearn;
				PRODUCT_NAME = "$(TARGET_NAME)";
				SWIFT_EMIT_LOC_STRINGS = YES;
				SWIFT_VERSION = 5.0;
				TARGETED_DEVICE_FAMILY = "1,2";
			};
			name = Debug;
		};
		B69380082844ADC90072FA17 /* Release */ = {
			isa = XCBuildConfiguration;
			buildSettings = {
				ASSETCATALOG_COMPILER_APPICON_NAME = AppIcon;
				ASSETCATALOG_COMPILER_GLOBAL_ACCENT_COLOR_NAME = AccentColor;
				CODE_SIGN_STYLE = Automatic;
				CURRENT_PROJECT_VERSION = 1;
				GENERATE_INFOPLIST_FILE = YES;
				INFOPLIST_FILE = AppLearn/Info.plist;
				INFOPLIST_KEY_UIApplicationSupportsIndirectInputEvents = YES;
				INFOPLIST_KEY_UILaunchStoryboardName = LaunchScreen;
				INFOPLIST_KEY_UIMainStoryboardFile = Main;
				INFOPLIST_KEY_UISupportedInterfaceOrientations_iPad = "UIInterfaceOrientationPortrait UIInterfaceOrientationPortraitUpsideDown UIInterfaceOrientationLandscapeLeft UIInterfaceOrientationLandscapeRight";
				INFOPLIST_KEY_UISupportedInterfaceOrientations_iPhone = "UIInterfaceOrientationPortrait UIInterfaceOrientationLandscapeLeft UIInterfaceOrientationLandscapeRight";
				LD_RUNPATH_SEARCH_PATHS = (
					"$(inherited)",
					"@executable_path/Frameworks",
				);
				MARKETING_VERSION = 1.0;
				PRODUCT_BUNDLE_IDENTIFIER = abc.AppLearn;
				PRODUCT_NAME = "$(TARGET_NAME)";
				SWIFT_EMIT_LOC_STRINGS = YES;
				SWIFT_VERSION = 5.0;
				TARGETED_DEVICE_FAMILY = "1,2";
			};
			name = Release;
		};
		B693800A2844ADC90072FA17 /* Debug */ = {
			isa = XCBuildConfiguration;
			buildSettings = {
				ALWAYS_EMBED_SWIFT_STANDARD_LIBRARIES = YES;
				BUNDLE_LOADER = "$(TEST_HOST)";
				CODE_SIGN_STYLE = Automatic;
				CURRENT_PROJECT_VERSION = 1;
				GENERATE_INFOPLIST_FILE = YES;
				IPHONEOS_DEPLOYMENT_TARGET = 15.4;
				MARKETING_VERSION = 1.0;
				PRODUCT_BUNDLE_IDENTIFIER = abc.AppLearnTests;
				PRODUCT_NAME = "$(TARGET_NAME)";
				SWIFT_EMIT_LOC_STRINGS = NO;
				SWIFT_VERSION = 5.0;
				TARGETED_DEVICE_FAMILY = "1,2";
				TEST_HOST = "$(BUILT_PRODUCTS_DIR)/AppLearn.app/AppLearn";
			};
			name = Debug;
		};
		B693800B2844ADC90072FA17 /* Release */ = {
			isa = XCBuildConfiguration;
			buildSettings = {
				ALWAYS_EMBED_SWIFT_STANDARD_LIBRARIES = YES;
				BUNDLE_LOADER = "$(TEST_HOST)";
				CODE_SIGN_STYLE = Automatic;
				CURRENT_PROJECT_VERSION = 1;
				GENERATE_INFOPLIST_FILE = YES;
				IPHONEOS_DEPLOYMENT_TARGET = 15.4;
				MARKETING_VERSION = 1.0;
				PRODUCT_BUNDLE_IDENTIFIER = abc.AppLearnTests;
				PRODUCT_NAME = "$(TARGET_NAME)";
				SWIFT_EMIT_LOC_STRINGS = NO;
				SWIFT_VERSION = 5.0;
				TARGETED_DEVICE_FAMILY = "1,2";
				TEST_HOST = "$(BUILT_PRODUCTS_DIR)/AppLearn.app/AppLearn";
			};
			name = Release;
		};
		B693800D2844ADC90072FA17 /* Debug */ = {
			isa = XCBuildConfiguration;
			buildSettings = {
				ALWAYS_EMBED_SWIFT_STANDARD_LIBRARIES = YES;
				CODE_SIGN_STYLE = Automatic;
				CURRENT_PROJECT_VERSION = 1;
				GENERATE_INFOPLIST_FILE = YES;
				MARKETING_VERSION = 1.0;
				PRODUCT_BUNDLE_IDENTIFIER = abc.AppLearnUITests;
				PRODUCT_NAME = "$(TARGET_NAME)";
				SWIFT_EMIT_LOC_STRINGS = NO;
				SWIFT_VERSION = 5.0;
				TARGETED_DEVICE_FAMILY = "1,2";
				TEST_TARGET_NAME = AppLearn;
			};
			name = Debug;
		};
		B693800E2844ADC90072FA17 /* Release */ = {
			isa = XCBuildConfiguration;
			buildSettings = {
				ALWAYS_EMBED_SWIFT_STANDARD_LIBRARIES = YES;
				CODE_SIGN_STYLE = Automatic;
				CURRENT_PROJECT_VERSION = 1;
				GENERATE_INFOPLIST_FILE = YES;
				MARKETING_VERSION = 1.0;
				PRODUCT_BUNDLE_IDENTIFIER = abc.AppLearnUITests;
				PRODUCT_NAME = "$(TARGET_NAME)";
				SWIFT_EMIT_LOC_STRINGS = NO;
				SWIFT_VERSION = 5.0;
				TARGETED_DEVICE_FAMILY = "1,2";
				TEST_TARGET_NAME = AppLearn;
			};
			name = Release;
		};
/* End XCBuildConfiguration section */

/* Begin XCConfigurationList section */
		B6937FD42844ADC70072FA17 /* Build configuration list for PBXProject "AppLearn" */ = {
			isa = XCConfigurationList;
			buildConfigurations = (
				B69380042844ADC90072FA17 /* Debug */,
				B69380052844ADC90072FA17 /* Release */,
			);
			defaultConfigurationIsVisible = 0;
			defaultConfigurationName = Release;
		};
		B69380062844ADC90072FA17 /* Build configuration list for PBXNativeTarget "AppLearn" */ = {
			isa = XCConfigurationList;
			buildConfigurations = (
				B69380072844ADC90072FA17 /* Debug */,
				B69380082844ADC90072FA17 /* Release */,
			);
			defaultConfigurationIsVisible = 0;
			defaultConfigurationName = Release;
		};
		B69380092844ADC90072FA17 /* Build configuration list for PBXNativeTarget "AppLearnTests" */ = {
			isa = XCConfigurationList;
			buildConfigurations = (
				B693800A2844ADC90072FA17 /* Debug */,
				B693800B2844ADC90072FA17 /* Release */,
			);
			defaultConfigurationIsVisible = 0;
			defaultConfigurationName = Release;
		};
		B693800C2844ADC90072FA17 /* Build configuration list for PBXNativeTarget "AppLearnUITests" */ = {
			isa = XCConfigurationList;
			buildConfigurations = (
				B693800D2844ADC90072FA17 /* Debug */,
				B693800E2844ADC90072FA17 /* Release */,
			);
			defaultConfigurationIsVisible = 0;
			defaultConfigurationName = Release;
		};
/* End XCConfigurationList section */

/* Begin XCVersionGroup section */
		B6937FE52844ADC70072FA17 /* AppLearn.xcdatamodeld */ = {
			isa = XCVersionGroup;
			children = (
				B6937FE62844ADC70072FA17 /* AppLearn.xcdatamodel */,
			);
			currentVersion = B6937FE62844ADC70072FA17 /* AppLearn.xcdatamodel */;
			path = AppLearn.xcdatamodeld;
			sourceTree = "<group>";
			versionGroupType = wrapper.xcdatamodel;
		};
/* End XCVersionGroup section */
	};
	rootObject = B6937FD12844ADC70072FA17 /* Project object */;
}
